
Microsoft Visual Studio Solution File, Format Version 12.00
# Visual Studio 2012
Project("{8BC9CEB8-8B4A-11D0-8D11-00A0C91BC942}") = "subiect 12, ex 1", "subiect 12, ex 1\subiect 12, ex 1.vcxproj", "{E6281C6A-75D9-42D5-98CD-4B2CCDE72292}"
EndProject
Global
	GlobalSection(SolutionConfigurationPlatforms) = preSolution
		Debug|Win32 = Debug|Win32
		Release|Win32 = Release|Win32
	EndGlobalSection
	GlobalSection(ProjectConfigurationPlatforms) = postSolution
		{E6281C6A-75D9-42D5-98CD-4B2CCDE72292}.Debug|Win32.ActiveCfg = Debug|Win32
		{E6281C6A-75D9-42D5-98CD-4B2CCDE72292}.Debug|Win32.Build.0 = Debug|Win32
		{E6281C6A-75D9-42D5-98CD-4B2CCDE72292}.Release|Win32.ActiveCfg = Release|Win32
		{E6281C6A-75D9-42D5-98CD-4B2CCDE72292}.Release|Win32.Build.0 = Release|Win32
	EndGlobalSection
	GlobalSection(SolutionProperties) = preSolution
		HideSolutionNode = FALSE
	EndGlobalSection
EndGlobal
